
Microsoft Visual Studio Solution File, Format Version 12.00
# Visual Studio Version 17
VisualStudioVersion = 17.0.32014.148
MinimumVisualStudioVersion = 10.0.40219.1
Project("{FAE04EC0-301F-11D3-BF4B-00C04F79EFBC}") = "WebApiIBGE", "WebApiIBGE\WebApiIBGE.csproj", "{96681AED-4030-44DB-879F-6457EE35864C}"
EndProject
Global
	GlobalSection(SolutionConfigurationPlatforms) = preSolution
		Debug|Any CPU = Debug|Any CPU
		Release|Any CPU = Release|Any CPU
	EndGlobalSection
	GlobalSection(ProjectConfigurationPlatforms) = postSolution
		{96681AED-4030-44DB-879F-6457EE35864C}.Debug|Any CPU.ActiveCfg = Debug|Any CPU
		{96681AED-4030-44DB-879F-6457EE35864C}.Debug|Any CPU.Build.0 = Debug|Any CPU
		{96681AED-4030-44DB-879F-6457EE35864C}.Release|Any CPU.ActiveCfg = Release|Any CPU
		{96681AED-4030-44DB-879F-6457EE35864C}.Release|Any CPU.Build.0 = Release|Any CPU
	EndGlobalSection
	GlobalSection(SolutionProperties) = preSolution
		HideSolutionNode = FALSE
	EndGlobalSection
	GlobalSection(ExtensibilityGlobals) = postSolution
		SolutionGuid = {63435519-6651-4FC0-9702-F4DA4AD51D52}
	EndGlobalSection
EndGlobal
